// !$*UTF8*$!
{
	archiveVersion = 1;
	classes = {
	};
	objectVersion = 56;
	objects = {

/* Begin PBXBuildFile section */
		2A757B0F2C87A64E00BEF4EF /* CityViewController.swift in Sources */ = {isa = PBXBuildFile; fileRef = 2A757B0E2C87A64E00BEF4EF /* CityViewController.swift */; };
		2A757B112C87ADB400BEF4EF /* TicTacToeViewController.swift in Sources */ = {isa = PBXBuildFile; fileRef = 2A757B102C87ADB400BEF4EF /* TicTacToeViewController.swift */; };
		2A8BA4F42C87976400D74D69 /* AppDelegate.swift in Sources */ = {isa = PBXBuildFile; fileRef = 2A8BA4F32C87976400D74D69 /* AppDelegate.swift */; };
		2A8BA4F62C87976400D74D69 /* SceneDelegate.swift in Sources */ = {isa = PBXBuildFile; fileRef = 2A8BA4F52C87976400D74D69 /* SceneDelegate.swift */; };
		2A8BA4F82C87976400D74D69 /* ViewController.swift in Sources */ = {isa = PBXBuildFile; fileRef = 2A8BA4F72C87976400D74D69 /* ViewController.swift */; };
		2A8BA4FB2C87976400D74D69 /* Base in Resources */ = {isa = PBXBuildFile; fileRef = 2A8BA4FA2C87976400D74D69 /* Base */; };
		2A8BA4FD2C87976500D74D69 /* Assets.xcassets in Resources */ = {isa = PBXBuildFile; fileRef = 2A8BA4FC2C87976500D74D69 /* Assets.xcassets */; };
		2A8BA5002C87976500D74D69 /* Base in Resources */ = {isa = PBXBuildFile; fileRef = 2A8BA4FF2C87976500D74D69 /* Base */; };
		2A8BA5102C8799D600D74D69 /* MainViewController.swift in Sources */ = {isa = PBXBuildFile; fileRef = 2A8BA50F2C8799D600D74D69 /* MainViewController.swift */; };
		2A8BA5122C879E9800D74D69 /* WeatherViewController.swift in Sources */ = {isa = PBXBuildFile; fileRef = 2A8BA5112C879E9800D74D69 /* WeatherViewController.swift */; };
		2A9359D32C8DB03000EBF36C /* MiniAppCell.swift in Sources */ = {isa = PBXBuildFile; fileRef = 2A9359D22C8DB03000EBF36C /* MiniAppCell.swift */; };
		2A9359D52C8DC1A600EBF36C /* myAPI.swift in Sources */ = {isa = PBXBuildFile; fileRef = 2A9359D42C8DC1A600EBF36C /* myAPI.swift */; };
/* End PBXBuildFile section */

/* Begin PBXFileReference section */
		2A757B0E2C87A64E00BEF4EF /* CityViewController.swift */ = {isa = PBXFileReference; lastKnownFileType = sourcecode.swift; path = CityViewController.swift; sourceTree = "<group>"; };
		2A757B102C87ADB400BEF4EF /* TicTacToeViewController.swift */ = {isa = PBXFileReference; lastKnownFileType = sourcecode.swift; path = TicTacToeViewController.swift; sourceTree = "<group>"; };
		2A8BA4F02C87976400D74D69 /* AppWithMiniApps.app */ = {isa = PBXFileReference; explicitFileType = wrapper.application; includeInIndex = 0; path = AppWithMiniApps.app; sourceTree = BUILT_PRODUCTS_DIR; };
		2A8BA4F32C87976400D74D69 /* AppDelegate.swift */ = {isa = PBXFileReference; lastKnownFileType = sourcecode.swift; path = AppDelegate.swift; sourceTree = "<group>"; };
		2A8BA4F52C87976400D74D69 /* SceneDelegate.swift */ = {isa = PBXFileReference; lastKnownFileType = sourcecode.swift; path = SceneDelegate.swift; sourceTree = "<group>"; };
		2A8BA4F72C87976400D74D69 /* ViewController.swift */ = {isa = PBXFileReference; lastKnownFileType = sourcecode.swift; path = ViewController.swift; sourceTree = "<group>"; };
		2A8BA4FA2C87976400D74D69 /* Base */ = {isa = PBXFileReference; lastKnownFileType = file.storyboard; name = Base; path = Base.lproj/Main.storyboard; sourceTree = "<group>"; };
		2A8BA4FC2C87976500D74D69 /* Assets.xcassets */ = {isa = PBXFileReference; lastKnownFileType = folder.assetcatalog; path = Assets.xcassets; sourceTree = "<group>"; };
		2A8BA4FF2C87976500D74D69 /* Base */ = {isa = PBXFileReference; lastKnownFileType = file.storyboard; name = Base; path = Base.lproj/LaunchScreen.storyboard; sourceTree = "<group>"; };
		2A8BA5012C87976500D74D69 /* Info.plist */ = {isa = PBXFileReference; lastKnownFileType = text.plist.xml; path = Info.plist; sourceTree = "<group>"; };
		2A8BA50F2C8799D600D74D69 /* MainViewController.swift */ = {isa = PBXFileReference; lastKnownFileType = sourcecode.swift; path = MainViewController.swift; sourceTree = "<group>"; };
		2A8BA5112C879E9800D74D69 /* WeatherViewController.swift */ = {isa = PBXFileReference; lastKnownFileType = sourcecode.swift; path = WeatherViewController.swift; sourceTree = "<group>"; };
		2A9359D22C8DB03000EBF36C /* MiniAppCell.swift */ = {isa = PBXFileReference; lastKnownFileType = sourcecode.swift; path = MiniAppCell.swift; sourceTree = "<group>"; };
		2A9359D42C8DC1A600EBF36C /* myAPI.swift */ = {isa = PBXFileReference; lastKnownFileType = sourcecode.swift; path = myAPI.swift; sourceTree = "<group>"; };
/* End PBXFileReference section */

/* Begin PBXFrameworksBuildPhase section */
		2A8BA4ED2C87976300D74D69 /* Frameworks */ = {
			isa = PBXFrameworksBuildPhase;
			buildActionMask = 2147483647;
			files = (
			);
			runOnlyForDeploymentPostprocessing = 0;
		};
/* End PBXFrameworksBuildPhase section */

/* Begin PBXGroup section */
		2A8BA4E72C87976300D74D69 = {
			isa = PBXGroup;
			children = (
				2A8BA4F22C87976400D74D69 /* AppWithMiniApps */,
				2A8BA4F12C87976400D74D69 /* Products */,
			);
			sourceTree = "<group>";
		};
		2A8BA4F12C87976400D74D69 /* Products */ = {
			isa = PBXGroup;
			children = (
				2A8BA4F02C87976400D74D69 /* AppWithMiniApps.app */,
			);
			name = Products;
			sourceTree = "<group>";
		};
		2A8BA4F22C87976400D74D69 /* AppWithMiniApps */ = {
			isa = PBXGroup;
			children = (
				2A8BA4F32C87976400D74D69 /* AppDelegate.swift */,
				2A8BA4F52C87976400D74D69 /* SceneDelegate.swift */,
				2A8BA4F72C87976400D74D69 /* ViewController.swift */,
				2A8BA4F92C87976400D74D69 /* Main.storyboard */,
				2A8BA4FC2C87976500D74D69 /* Assets.xcassets */,
				2A8BA4FE2C87976500D74D69 /* LaunchScreen.storyboard */,
				2A8BA5012C87976500D74D69 /* Info.plist */,
				2A8BA50F2C8799D600D74D69 /* MainViewController.swift */,
				2A8BA5112C879E9800D74D69 /* WeatherViewController.swift */,
				2A757B0E2C87A64E00BEF4EF /* CityViewController.swift */,
				2A757B102C87ADB400BEF4EF /* TicTacToeViewController.swift */,
				2A9359D22C8DB03000EBF36C /* MiniAppCell.swift */,
				2A9359D42C8DC1A600EBF36C /* myAPI.swift */,
			);
			path = AppWithMiniApps;
			sourceTree = "<group>";
		};
/* End PBXGroup section */

/* Begin PBXNativeTarget section */
		2A8BA4EF2C87976300D74D69 /* AppWithMiniApps */ = {
			isa = PBXNativeTarget;
			buildConfigurationList = 2A8BA5042C87976500D74D69 /* Build configuration list for PBXNativeTarget "AppWithMiniApps" */;
			buildPhases = (
				2A8BA4EC2C87976300D74D69 /* Sources */,
				2A8BA4ED2C87976300D74D69 /* Frameworks */,
				2A8BA4EE2C87976300D74D69 /* Resources */,
			);
			buildRules = (
			);
			dependencies = (
			);
			name = AppWithMiniApps;
			productName = AppWithMiniApps;
			productReference = 2A8BA4F02C87976400D74D69 /* AppWithMiniApps.app */;
			productType = "com.apple.product-type.application";
		};
/* End PBXNativeTarget section */

/* Begin PBXProject section */
		2A8BA4E82C87976300D74D69 /* Project object */ = {
			isa = PBXProject;
			attributes = {
				BuildIndependentTargetsInParallel = 1;
				LastSwiftUpdateCheck = 1540;
				LastUpgradeCheck = 1540;
				TargetAttributes = {
					2A8BA4EF2C87976300D74D69 = {
						CreatedOnToolsVersion = 15.4;
					};
				};
			};
			buildConfigurationList = 2A8BA4EB2C87976300D74D69 /* Build configuration list for PBXProject "AppWithMiniApps" */;
			compatibilityVersion = "Xcode 14.0";
			developmentRegion = en;
			hasScannedForEncodings = 0;
			knownRegions = (
				en,
				Base,
			);
			mainGroup = 2A8BA4E72C87976300D74D69;
			productRefGroup = 2A8BA4F12C87976400D74D69 /* Products */;
			projectDirPath = "";
			projectRoot = "";
			targets = (
				2A8BA4EF2C87976300D74D69 /* AppWithMiniApps */,
			);
		};
/* End PBXProject section */

/* Begin PBXResourcesBuildPhase section */
		2A8BA4EE2C87976300D74D69 /* Resources */ = {
			isa = PBXResourcesBuildPhase;
			buildActionMask = 2147483647;
			files = (
				2A8BA4FD2C87976500D74D69 /* Assets.xcassets in Resources */,
				2A8BA5002C87976500D74D69 /* Base in Resources */,
				2A8BA4FB2C87976400D74D69 /* Base in Resources */,
			);
			runOnlyForDeploymentPostprocessing = 0;
		};
/* End PBXResourcesBuildPhase section */

/* Begin PBXSourcesBuildPhase section */
		2A8BA4EC2C87976300D74D69 /* Sources */ = {
			isa = PBXSourcesBuildPhase;
			buildActionMask = 2147483647;
			files = (
				2A8BA4F82C87976400D74D69 /* ViewController.swift in Sources */,
				2A8BA4F42C87976400D74D69 /* AppDelegate.swift in Sources */,
				2A9359D52C8DC1A600EBF36C /* myAPI.swift in Sources */,
				2A9359D32C8DB03000EBF36C /* MiniAppCell.swift in Sources */,
				2A8BA5122C879E9800D74D69 /* WeatherViewController.swift in Sources */,
				2A8BA4F62C87976400D74D69 /* SceneDelegate.swift in Sources */,
				2A757B112C87ADB400BEF4EF /* TicTacToeViewController.swift in Sources */,
				2A8BA5102C8799D600D74D69 /* MainViewController.swift in Sources */,
				2A757B0F2C87A64E00BEF4EF /* CityViewController.swift in Sources */,
			);
			runOnlyForDeploymentPostprocessing = 0;
		};
/* End PBXSourcesBuildPhase section */

/* Begin PBXVariantGroup section */
		2A8BA4F92C87976400D74D69 /* Main.storyboard */ = {
			isa = PBXVariantGroup;
			children = (
				2A8BA4FA2C87976400D74D69 /* Base */,
			);
			name = Main.storyboard;
			sourceTree = "<group>";
		};
		2A8BA4FE2C87976500D74D69 /* LaunchScreen.storyboard */ = {
			isa = PBXVariantGroup;
			children = (
				2A8BA4FF2C87976500D74D69 /* Base */,
			);
			name = LaunchScreen.storyboard;
			sourceTree = "<group>";
		};
/* End PBXVariantGroup section */

/* Begin XCBuildConfiguration section */
		2A8BA5022C87976500D74D69 /* Debug */ = {
			isa = XCBuildConfiguration;
			buildSettings = {
				ALWAYS_SEARCH_USER_PATHS = NO;
				ASSETCATALOG_COMPILER_GENERATE_SWIFT_ASSET_SYMBOL_EXTENSIONS = YES;
				CLANG_ANALYZER_NONNULL = YES;
				CLANG_ANALYZER_NUMBER_OBJECT_CONVERSION = YES_AGGRESSIVE;
				CLANG_CXX_LANGUAGE_STANDARD = "gnu++20";
				CLANG_ENABLE_MODULES = YES;
				CLANG_ENABLE_OBJC_ARC = YES;
				CLANG_ENABLE_OBJC_WEAK = YES;
				CLANG_WARN_BLOCK_CAPTURE_AUTORELEASING = YES;
				CLANG_WARN_BOOL_CONVERSION = YES;
				CLANG_WARN_COMMA = YES;
				CLANG_WARN_CONSTANT_CONVERSION = YES;
				CLANG_WARN_DEPRECATED_OBJC_IMPLEMENTATIONS = YES;
				CLANG_WARN_DIRECT_OBJC_ISA_USAGE = YES_ERROR;
				CLANG_WARN_DOCUMENTATION_COMMENTS = YES;
				CLANG_WARN_EMPTY_BODY = YES;
				CLANG_WARN_ENUM_CONVERSION = YES;
				CLANG_WARN_INFINITE_RECURSION = YES;
				CLANG_WARN_INT_CONVERSION = YES;
				CLANG_WARN_NON_LITERAL_NULL_CONVERSION = YES;
				CLANG_WARN_OBJC_IMPLICIT_RETAIN_SELF = YES;
				CLANG_WARN_OBJC_LITERAL_CONVERSION = YES;
				CLANG_WARN_OBJC_ROOT_CLASS = YES_ERROR;
				CLANG_WARN_QUOTED_INCLUDE_IN_FRAMEWORK_HEADER = YES;
				CLANG_WARN_RANGE_LOOP_ANALYSIS = YES;
				CLANG_WARN_STRICT_PROTOTYPES = YES;
				CLANG_WARN_SUSPICIOUS_MOVE = YES;
				CLANG_WARN_UNGUARDED_AVAILABILITY = YES_AGGRESSIVE;
				CLANG_WARN_UNREACHABLE_CODE = YES;
				CLANG_WARN__DUPLICATE_METHOD_MATCH = YES;
				COPY_PHASE_STRIP = NO;
				DEBUG_INFORMATION_FORMAT = dwarf;
				ENABLE_STRICT_OBJC_MSGSEND = YES;
				ENABLE_TESTABILITY = YES;
				ENABLE_USER_SCRIPT_SANDBOXING = YES;
				GCC_C_LANGUAGE_STANDARD = gnu17;
				GCC_DYNAMIC_NO_PIC = NO;
				GCC_NO_COMMON_BLOCKS = YES;
				GCC_OPTIMIZATION_LEVEL = 0;
				GCC_PREPROCESSOR_DEFINITIONS = (
					"DEBUG=1",
					"$(inherited)",
				);
				GCC_WARN_64_TO_32_BIT_CONVERSION = YES;
				GCC_WARN_ABOUT_RETURN_TYPE = YES_ERROR;
				GCC_WARN_UNDECLARED_SELECTOR = YES;
				GCC_WARN_UNINITIALIZED_AUTOS = YES_AGGRESSIVE;
				GCC_WARN_UNUSED_FUNCTION = YES;
				GCC_WARN_UNUSED_VARIABLE = YES;
				IPHONEOS_DEPLOYMENT_TARGET = 17.5;
				LOCALIZATION_PREFERS_STRING_CATALOGS = YES;
				MTL_ENABLE_DEBUG_INFO = INCLUDE_SOURCE;
				MTL_FAST_MATH = YES;
				ONLY_ACTIVE_ARCH = YES;
				SDKROOT = iphoneos;
				SWIFT_ACTIVE_COMPILATION_CONDITIONS = "DEBUG $(inherited)";
				SWIFT_OPTIMIZATION_LEVEL = "-Onone";
			};
			name = Debug;
		};
		2A8BA5032C87976500D74D69 /* Release */ = {
			isa = XCBuildConfiguration;
			buildSettings = {
				ALWAYS_SEARCH_USER_PATHS = NO;
				ASSETCATALOG_COMPILER_GENERATE_SWIFT_ASSET_SYMBOL_EXTENSIONS = YES;
				CLANG_ANALYZER_NONNULL = YES;
				CLANG_ANALYZER_NUMBER_OBJECT_CONVERSION = YES_AGGRESSIVE;
				CLANG_CXX_LANGUAGE_STANDARD = "gnu++20";
				CLANG_ENABLE_MODULES = YES;
				CLANG_ENABLE_OBJC_ARC = YES;
				CLANG_ENABLE_OBJC_WEAK = YES;
				CLANG_WARN_BLOCK_CAPTURE_AUTORELEASING = YES;
				CLANG_WARN_BOOL_CONVERSION = YES;
				CLANG_WARN_COMMA = YES;
				CLANG_WARN_CONSTANT_CONVERSION = YES;
				CLANG_WARN_DEPRECATED_OBJC_IMPLEMENTATIONS = YES;
				CLANG_WARN_DIRECT_OBJC_ISA_USAGE = YES_ERROR;
				CLANG_WARN_DOCUMENTATION_COMMENTS = YES;
				CLANG_WARN_EMPTY_BODY = YES;
				CLANG_WARN_ENUM_CONVERSION = YES;
				CLANG_WARN_INFINITE_RECURSION = YES;
				CLANG_WARN_INT_CONVERSION = YES;
				CLANG_WARN_NON_LITERAL_NULL_CONVERSION = YES;
				CLANG_WARN_OBJC_IMPLICIT_RETAIN_SELF = YES;
				CLANG_WARN_OBJC_LITERAL_CONVERSION = YES;
				CLANG_WARN_OBJC_ROOT_CLASS = YES_ERROR;
				CLANG_WARN_QUOTED_INCLUDE_IN_FRAMEWORK_HEADER = YES;
				CLANG_WARN_RANGE_LOOP_ANALYSIS = YES;
				CLANG_WARN_STRICT_PROTOTYPES = YES;
				CLANG_WARN_SUSPICIOUS_MOVE = YES;
				CLANG_WARN_UNGUARDED_AVAILABILITY = YES_AGGRESSIVE;
				CLANG_WARN_UNREACHABLE_CODE = YES;
				CLANG_WARN__DUPLICATE_METHOD_MATCH = YES;
				COPY_PHASE_STRIP = NO;
				DEBUG_INFORMATION_FORMAT = "dwarf-with-dsym";
				ENABLE_NS_ASSERTIONS = NO;
				ENABLE_STRICT_OBJC_MSGSEND = YES;
				ENABLE_USER_SCRIPT_SANDBOXING = YES;
				GCC_C_LANGUAGE_STANDARD = gnu17;
				GCC_NO_COMMON_BLOCKS = YES;
				GCC_WARN_64_TO_32_BIT_CONVERSION = YES;
				GCC_WARN_ABOUT_RETURN_TYPE = YES_ERROR;
				GCC_WARN_UNDECLARED_SELECTOR = YES;
				GCC_WARN_UNINITIALIZED_AUTOS = YES_AGGRESSIVE;
				GCC_WARN_UNUSED_FUNCTION = YES;
				GCC_WARN_UNUSED_VARIABLE = YES;
				IPHONEOS_DEPLOYMENT_TARGET = 17.5;
				LOCALIZATION_PREFERS_STRING_CATALOGS = YES;
				MTL_ENABLE_DEBUG_INFO = NO;
				MTL_FAST_MATH = YES;
				SDKROOT = iphoneos;
				SWIFT_COMPILATION_MODE = wholemodule;
				VALIDATE_PRODUCT = YES;
			};
			name = Release;
		};
		2A8BA5052C87976500D74D69 /* Debug */ = {
			isa = XCBuildConfiguration;
			buildSettings = {
				ASSETCATALOG_COMPILER_APPICON_NAME = AppIcon;
				ASSETCATALOG_COMPILER_GLOBAL_ACCENT_COLOR_NAME = AccentColor;
				CODE_SIGN_STYLE = Automatic;
				CURRENT_PROJECT_VERSION = 1;
				DEVELOPMENT_TEAM = 8LKUJ8PZ7U;
				GENERATE_INFOPLIST_FILE = YES;
				INFOPLIST_FILE = AppWithMiniApps/Info.plist;
				INFOPLIST_KEY_NSLocationWhenInUseUsageDescription = need;
				INFOPLIST_KEY_UIApplicationSupportsIndirectInputEvents = YES;
				INFOPLIST_KEY_UILaunchStoryboardName = LaunchScreen;
				INFOPLIST_KEY_UIMainStoryboardFile = Main;
				INFOPLIST_KEY_UISupportedInterfaceOrientations = UIInterfaceOrientationPortrait;
				INFOPLIST_KEY_UISupportedInterfaceOrientations_iPad = "UIInterfaceOrientationLandscapeLeft UIInterfaceOrientationLandscapeRight UIInterfaceOrientationPortrait UIInterfaceOrientationPortraitUpsideDown";
				LD_RUNPATH_SEARCH_PATHS = (
					"$(inherited)",
					"@executable_path/Frameworks",
				);
				MARKETING_VERSION = 1.0;
				PRODUCT_BUNDLE_IDENTIFIER = com.golodaevskayapolina.AppWithMiniApps;
				PRODUCT_NAME = "$(TARGET_NAME)";
				SWIFT_EMIT_LOC_STRINGS = YES;
				SWIFT_VERSION = 5.0;
				TARGETED_DEVICE_FAMILY = "1,2";
			};
			name = Debug;
		};
		2A8BA5062C87976500D74D69 /* Release */ = {
			isa = XCBuildConfiguration;
			buildSettings = {
				ASSETCATALOG_COMPILER_APPICON_NAME = AppIcon;
				ASSETCATALOG_COMPILER_GLOBAL_ACCENT_COLOR_NAME = AccentColor;
				CODE_SIGN_STYLE = Automatic;
				CURRENT_PROJECT_VERSION = 1;
				DEVELOPMENT_TEAM = 8LKUJ8PZ7U;
				GENERATE_INFOPLIST_FILE = YES;
				INFOPLIST_FILE = AppWithMiniApps/Info.plist;
				INFOPLIST_KEY_NSLocationWhenInUseUsageDescription = need;
				INFOPLIST_KEY_UIApplicationSupportsIndirectInputEvents = YES;
				INFOPLIST_KEY_UILaunchStoryboardName = LaunchScreen;
				INFOPLIST_KEY_UIMainStoryboardFile = Main;
				INFOPLIST_KEY_UISupportedInterfaceOrientations = UIInterfaceOrientationPortrait;
				INFOPLIST_KEY_UISupportedInterfaceOrientations_iPad = "UIInterfaceOrientationLandscapeLeft UIInterfaceOrientationLandscapeRight UIInterfaceOrientationPortrait UIInterfaceOrientationPortraitUpsideDown";
				LD_RUNPATH_SEARCH_PATHS = (
					"$(inherited)",
					"@executable_path/Frameworks",
				);
				MARKETING_VERSION = 1.0;
				PRODUCT_BUNDLE_IDENTIFIER = com.golodaevskayapolina.AppWithMiniApps;
				PRODUCT_NAME = "$(TARGET_NAME)";
				SWIFT_EMIT_LOC_STRINGS = YES;
				SWIFT_VERSION = 5.0;
				TARGETED_DEVICE_FAMILY = "1,2";
			};
			name = Release;
		};
/* End XCBuildConfiguration section */

/* Begin XCConfigurationList section */
		2A8BA4EB2C87976300D74D69 /* Build configuration list for PBXProject "AppWithMiniApps" */ = {
			isa = XCConfigurationList;
			buildConfigurations = (
				2A8BA5022C87976500D74D69 /* Debug */,
				2A8BA5032C87976500D74D69 /* Release */,
			);
			defaultConfigurationIsVisible = 0;
			defaultConfigurationName = Release;
		};
		2A8BA5042C87976500D74D69 /* Build configuration list for PBXNativeTarget "AppWithMiniApps" */ = {
			isa = XCConfigurationList;
			buildConfigurations = (
				2A8BA5052C87976500D74D69 /* Debug */,
				2A8BA5062C87976500D74D69 /* Release */,
			);
			defaultConfigurationIsVisible = 0;
			defaultConfigurationName = Release;
		};
/* End XCConfigurationList section */
	};
	rootObject = 2A8BA4E82C87976300D74D69 /* Project object */;
}
